// !$*UTF8*$!
{
	archiveVersion = 1;
	classes = {
	};
	objectVersion = 50;
	objects = {

/* Begin PBXBuildFile section */
		9F27FF52224D589300710120 /* AppDelegate.swift in Sources */ = {isa = PBXBuildFile; fileRef = 9F27FF51224D589300710120 /* AppDelegate.swift */; };
		9F27FF54224D589300710120 /* GameScene.sks in Resources */ = {isa = PBXBuildFile; fileRef = 9F27FF53224D589300710120 /* GameScene.sks */; };
		9F27FF56224D589300710120 /* Actions.sks in Resources */ = {isa = PBXBuildFile; fileRef = 9F27FF55224D589300710120 /* Actions.sks */; };
		9F27FF58224D589300710120 /* GameScene.swift in Sources */ = {isa = PBXBuildFile; fileRef = 9F27FF57224D589300710120 /* GameScene.swift */; };
		9F27FF5A224D589300710120 /* ViewController.swift in Sources */ = {isa = PBXBuildFile; fileRef = 9F27FF59224D589300710120 /* ViewController.swift */; };
		9F27FF5C224D589300710120 /* Assets.xcassets in Resources */ = {isa = PBXBuildFile; fileRef = 9F27FF5B224D589300710120 /* Assets.xcassets */; };
		9F27FF5F224D589300710120 /* Main.storyboard in Resources */ = {isa = PBXBuildFile; fileRef = 9F27FF5D224D589300710120 /* Main.storyboard */; };
		9F27FF6B224D589300710120 /* Protect_KyleTests.swift in Sources */ = {isa = PBXBuildFile; fileRef = 9F27FF6A224D589300710120 /* Protect_KyleTests.swift */; };
		9F27FF76224D589300710120 /* Protect_KyleUITests.swift in Sources */ = {isa = PBXBuildFile; fileRef = 9F27FF75224D589300710120 /* Protect_KyleUITests.swift */; };
/* End PBXBuildFile section */

/* Begin PBXContainerItemProxy section */
		9F27FF67224D589300710120 /* PBXContainerItemProxy */ = {
			isa = PBXContainerItemProxy;
			containerPortal = 9F27FF46224D589200710120 /* Project object */;
			proxyType = 1;
			remoteGlobalIDString = 9F27FF4D224D589300710120;
			remoteInfo = "Protect Kyle";
		};
		9F27FF72224D589300710120 /* PBXContainerItemProxy */ = {
			isa = PBXContainerItemProxy;
			containerPortal = 9F27FF46224D589200710120 /* Project object */;
			proxyType = 1;
			remoteGlobalIDString = 9F27FF4D224D589300710120;
			remoteInfo = "Protect Kyle";
		};
/* End PBXContainerItemProxy section */

/* Begin PBXFileReference section */
		9F27FF4E224D589300710120 /* Protect Kyle.app */ = {isa = PBXFileReference; explicitFileType = wrapper.application; includeInIndex = 0; path = "Protect Kyle.app"; sourceTree = BUILT_PRODUCTS_DIR; };
		9F27FF51224D589300710120 /* AppDelegate.swift */ = {isa = PBXFileReference; lastKnownFileType = sourcecode.swift; path = AppDelegate.swift; sourceTree = "<group>"; };
		9F27FF53224D589300710120 /* GameScene.sks */ = {isa = PBXFileReference; lastKnownFileType = file.sks; path = GameScene.sks; sourceTree = "<group>"; };
		9F27FF55224D589300710120 /* Actions.sks */ = {isa = PBXFileReference; lastKnownFileType = file.sks; path = Actions.sks; sourceTree = "<group>"; };
		9F27FF57224D589300710120 /* GameScene.swift */ = {isa = PBXFileReference; lastKnownFileType = sourcecode.swift; path = GameScene.swift; sourceTree = "<group>"; };
		9F27FF59224D589300710120 /* ViewController.swift */ = {isa = PBXFileReference; lastKnownFileType = sourcecode.swift; path = ViewController.swift; sourceTree = "<group>"; };
		9F27FF5B224D589300710120 /* Assets.xcassets */ = {isa = PBXFileReference; lastKnownFileType = folder.assetcatalog; path = Assets.xcassets; sourceTree = "<group>"; };
		9F27FF5E224D589300710120 /* Base */ = {isa = PBXFileReference; lastKnownFileType = file.storyboard; name = Base; path = Base.lproj/Main.storyboard; sourceTree = "<group>"; };
		9F27FF60224D589300710120 /* Info.plist */ = {isa = PBXFileReference; lastKnownFileType = text.plist.xml; path = Info.plist; sourceTree = "<group>"; };
		9F27FF61224D589300710120 /* Protect_Kyle.entitlements */ = {isa = PBXFileReference; lastKnownFileType = text.plist.entitlements; path = Protect_Kyle.entitlements; sourceTree = "<group>"; };
		9F27FF66224D589300710120 /* Protect KyleTests.xctest */ = {isa = PBXFileReference; explicitFileType = wrapper.cfbundle; includeInIndex = 0; path = "Protect KyleTests.xctest"; sourceTree = BUILT_PRODUCTS_DIR; };
		9F27FF6A224D589300710120 /* Protect_KyleTests.swift */ = {isa = PBXFileReference; lastKnownFileType = sourcecode.swift; path = Protect_KyleTests.swift; sourceTree = "<group>"; };
		9F27FF6C224D589300710120 /* Info.plist */ = {isa = PBXFileReference; lastKnownFileType = text.plist.xml; path = Info.plist; sourceTree = "<group>"; };
		9F27FF71224D589300710120 /* Protect KyleUITests.xctest */ = {isa = PBXFileReference; explicitFileType = wrapper.cfbundle; includeInIndex = 0; path = "Protect KyleUITests.xctest"; sourceTree = BUILT_PRODUCTS_DIR; };
		9F27FF75224D589300710120 /* Protect_KyleUITests.swift */ = {isa = PBXFileReference; lastKnownFileType = sourcecode.swift; path = Protect_KyleUITests.swift; sourceTree = "<group>"; };
		9F27FF77224D589300710120 /* Info.plist */ = {isa = PBXFileReference; lastKnownFileType = text.plist.xml; path = Info.plist; sourceTree = "<group>"; };
/* End PBXFileReference section */

/* Begin PBXFrameworksBuildPhase section */
		9F27FF4B224D589300710120 /* Frameworks */ = {
			isa = PBXFrameworksBuildPhase;
			buildActionMask = 2147483647;
			files = (
			);
			runOnlyForDeploymentPostprocessing = 0;
		};
		9F27FF63224D589300710120 /* Frameworks */ = {
			isa = PBXFrameworksBuildPhase;
			buildActionMask = 2147483647;
			files = (
			);
			runOnlyForDeploymentPostprocessing = 0;
		};
		9F27FF6E224D589300710120 /* Frameworks */ = {
			isa = PBXFrameworksBuildPhase;
			buildActionMask = 2147483647;
			files = (
			);
			runOnlyForDeploymentPostprocessing = 0;
		};
/* End PBXFrameworksBuildPhase section */

/* Begin PBXGroup section */
		9F27FF45224D589200710120 = {
			isa = PBXGroup;
			children = (
				9F27FF50224D589300710120 /* Protect Kyle */,
				9F27FF69224D589300710120 /* Protect KyleTests */,
				9F27FF74224D589300710120 /* Protect KyleUITests */,
				9F27FF4F224D589300710120 /* Products */,
			);
			sourceTree = "<group>";
		};
		9F27FF4F224D589300710120 /* Products */ = {
			isa = PBXGroup;
			children = (
				9F27FF4E224D589300710120 /* Protect Kyle.app */,
				9F27FF66224D589300710120 /* Protect KyleTests.xctest */,
				9F27FF71224D589300710120 /* Protect KyleUITests.xctest */,
			);
			name = Products;
			sourceTree = "<group>";
		};
		9F27FF50224D589300710120 /* Protect Kyle */ = {
			isa = PBXGroup;
			children = (
				9F27FF51224D589300710120 /* AppDelegate.swift */,
				9F27FF53224D589300710120 /* GameScene.sks */,
				9F27FF55224D589300710120 /* Actions.sks */,
				9F27FF57224D589300710120 /* GameScene.swift */,
				9F27FF59224D589300710120 /* ViewController.swift */,
				9F27FF5B224D589300710120 /* Assets.xcassets */,
				9F27FF5D224D589300710120 /* Main.storyboard */,
				9F27FF60224D589300710120 /* Info.plist */,
				9F27FF61224D589300710120 /* Protect_Kyle.entitlements */,
			);
			path = "Protect Kyle";
			sourceTree = "<group>";
		};
		9F27FF69224D589300710120 /* Protect KyleTests */ = {
			isa = PBXGroup;
			children = (
				9F27FF6A224D589300710120 /* Protect_KyleTests.swift */,
				9F27FF6C224D589300710120 /* Info.plist */,
			);
			path = "Protect KyleTests";
			sourceTree = "<group>";
		};
		9F27FF74224D589300710120 /* Protect KyleUITests */ = {
			isa = PBXGroup;
			children = (
				9F27FF75224D589300710120 /* Protect_KyleUITests.swift */,
				9F27FF77224D589300710120 /* Info.plist */,
			);
			path = "Protect KyleUITests";
			sourceTree = "<group>";
		};
/* End PBXGroup section */

/* Begin PBXNativeTarget section */
		9F27FF4D224D589300710120 /* Protect Kyle */ = {
			isa = PBXNativeTarget;
			buildConfigurationList = 9F27FF7A224D589300710120 /* Build configuration list for PBXNativeTarget "Protect Kyle" */;
			buildPhases = (
				9F27FF4A224D589300710120 /* Sources */,
				9F27FF4B224D589300710120 /* Frameworks */,
				9F27FF4C224D589300710120 /* Resources */,
			);
			buildRules = (
			);
			dependencies = (
			);
			name = "Protect Kyle";
			productName = "Protect Kyle";
			productReference = 9F27FF4E224D589300710120 /* Protect Kyle.app */;
			productType = "com.apple.product-type.application";
		};
		9F27FF65224D589300710120 /* Protect KyleTests */ = {
			isa = PBXNativeTarget;
			buildConfigurationList = 9F27FF7D224D589300710120 /* Build configuration list for PBXNativeTarget "Protect KyleTests" */;
			buildPhases = (
				9F27FF62224D589300710120 /* Sources */,
				9F27FF63224D589300710120 /* Frameworks */,
				9F27FF64224D589300710120 /* Resources */,
			);
			buildRules = (
			);
			dependencies = (
				9F27FF68224D589300710120 /* PBXTargetDependency */,
			);
			name = "Protect KyleTests";
			productName = "Protect KyleTests";
			productReference = 9F27FF66224D589300710120 /* Protect KyleTests.xctest */;
			productType = "com.apple.product-type.bundle.unit-test";
		};
		9F27FF70224D589300710120 /* Protect KyleUITests */ = {
			isa = PBXNativeTarget;
			buildConfigurationList = 9F27FF80224D589300710120 /* Build configuration list for PBXNativeTarget "Protect KyleUITests" */;
			buildPhases = (
				9F27FF6D224D589300710120 /* Sources */,
				9F27FF6E224D589300710120 /* Frameworks */,
				9F27FF6F224D589300710120 /* Resources */,
			);
			buildRules = (
			);
			dependencies = (
				9F27FF73224D589300710120 /* PBXTargetDependency */,
			);
			name = "Protect KyleUITests";
			productName = "Protect KyleUITests";
			productReference = 9F27FF71224D589300710120 /* Protect KyleUITests.xctest */;
			productType = "com.apple.product-type.bundle.ui-testing";
		};
/* End PBXNativeTarget section */

/* Begin PBXProject section */
		9F27FF46224D589200710120 /* Project object */ = {
			isa = PBXProject;
			attributes = {
				LastSwiftUpdateCheck = 0940;
				LastUpgradeCheck = 0940;
				ORGANIZATIONNAME = "Game Design Shared";
				TargetAttributes = {
					9F27FF4D224D589300710120 = {
						CreatedOnToolsVersion = 9.4.1;
					};
					9F27FF65224D589300710120 = {
						CreatedOnToolsVersion = 9.4.1;
						TestTargetID = 9F27FF4D224D589300710120;
					};
					9F27FF70224D589300710120 = {
						CreatedOnToolsVersion = 9.4.1;
						TestTargetID = 9F27FF4D224D589300710120;
					};
				};
			};
			buildConfigurationList = 9F27FF49224D589200710120 /* Build configuration list for PBXProject "Protect Kyle" */;
			compatibilityVersion = "Xcode 9.3";
			developmentRegion = en;
			hasScannedForEncodings = 0;
			knownRegions = (
				en,
				Base,
			);
			mainGroup = 9F27FF45224D589200710120;
			productRefGroup = 9F27FF4F224D589300710120 /* Products */;
			projectDirPath = "";
			projectRoot = "";
			targets = (
				9F27FF4D224D589300710120 /* Protect Kyle */,
				9F27FF65224D589300710120 /* Protect KyleTests */,
				9F27FF70224D589300710120 /* Protect KyleUITests */,
			);
		};
/* End PBXProject section */

/* Begin PBXResourcesBuildPhase section */
		9F27FF4C224D589300710120 /* Resources */ = {
			isa = PBXResourcesBuildPhase;
			buildActionMask = 2147483647;
			files = (
				9F27FF54224D589300710120 /* GameScene.sks in Resources */,
				9F27FF5C224D589300710120 /* Assets.xcassets in Resources */,
				9F27FF56224D589300710120 /* Actions.sks in Resources */,
				9F27FF5F224D589300710120 /* Main.storyboard in Resources */,
			);
			runOnlyForDeploymentPostprocessing = 0;
		};
		9F27FF64224D589300710120 /* Resources */ = {
			isa = PBXResourcesBuildPhase;
			buildActionMask = 2147483647;
			files = (
			);
			runOnlyForDeploymentPostprocessing = 0;
		};
		9F27FF6F224D589300710120 /* Resources */ = {
			isa = PBXResourcesBuildPhase;
			buildActionMask = 2147483647;
			files = (
			);
			runOnlyForDeploymentPostprocessing = 0;
		};
/* End PBXResourcesBuildPhase section */

/* Begin PBXSourcesBuildPhase section */
		9F27FF4A224D589300710120 /* Sources */ = {
			isa = PBXSourcesBuildPhase;
			buildActionMask = 2147483647;
			files = (
				9F27FF5A224D589300710120 /* ViewController.swift in Sources */,
				9F27FF58224D589300710120 /* GameScene.swift in Sources */,
				9F27FF52224D589300710120 /* AppDelegate.swift in Sources */,
			);
			runOnlyForDeploymentPostprocessing = 0;
		};
		9F27FF62224D589300710120 /* Sources */ = {
			isa = PBXSourcesBuildPhase;
			buildActionMask = 2147483647;
			files = (
				9F27FF6B224D589300710120 /* Protect_KyleTests.swift in Sources */,
			);
			runOnlyForDeploymentPostprocessing = 0;
		};
		9F27FF6D224D589300710120 /* Sources */ = {
			isa = PBXSourcesBuildPhase;
			buildActionMask = 2147483647;
			files = (
				9F27FF76224D589300710120 /* Protect_KyleUITests.swift in Sources */,
			);
			runOnlyForDeploymentPostprocessing = 0;
		};
/* End PBXSourcesBuildPhase section */

/* Begin PBXTargetDependency section */
		9F27FF68224D589300710120 /* PBXTargetDependency */ = {
			isa = PBXTargetDependency;
			target = 9F27FF4D224D589300710120 /* Protect Kyle */;
			targetProxy = 9F27FF67224D589300710120 /* PBXContainerItemProxy */;
		};
		9F27FF73224D589300710120 /* PBXTargetDependency */ = {
			isa = PBXTargetDependency;
			target = 9F27FF4D224D589300710120 /* Protect Kyle */;
			targetProxy = 9F27FF72224D589300710120 /* PBXContainerItemProxy */;
		};
/* End PBXTargetDependency section */

/* Begin PBXVariantGroup section */
		9F27FF5D224D589300710120 /* Main.storyboard */ = {
			isa = PBXVariantGroup;
			children = (
				9F27FF5E224D589300710120 /* Base */,
			);
			name = Main.storyboard;
			sourceTree = "<group>";
		};
/* End PBXVariantGroup section */

/* Begin XCBuildConfiguration section */
		9F27FF78224D589300710120 /* Debug */ = {
			isa = XCBuildConfiguration;
			buildSettings = {
				ALWAYS_SEARCH_USER_PATHS = NO;
				CLANG_ANALYZER_NONNULL = YES;
				CLANG_ANALYZER_NUMBER_OBJECT_CONVERSION = YES_AGGRESSIVE;
				CLANG_CXX_LANGUAGE_STANDARD = "gnu++14";
				CLANG_CXX_LIBRARY = "libc++";
				CLANG_ENABLE_MODULES = YES;
				CLANG_ENABLE_OBJC_ARC = YES;
				CLANG_ENABLE_OBJC_WEAK = YES;
				CLANG_WARN_BLOCK_CAPTURE_AUTORELEASING = YES;
				CLANG_WARN_BOOL_CONVERSION = YES;
				CLANG_WARN_COMMA = YES;
				CLANG_WARN_CONSTANT_CONVERSION = YES;
				CLANG_WARN_DEPRECATED_OBJC_IMPLEMENTATIONS = YES;
				CLANG_WARN_DIRECT_OBJC_ISA_USAGE = YES_ERROR;
				CLANG_WARN_DOCUMENTATION_COMMENTS = YES;
				CLANG_WARN_EMPTY_BODY = YES;
				CLANG_WARN_ENUM_CONVERSION = YES;
				CLANG_WARN_INFINITE_RECURSION = YES;
				CLANG_WARN_INT_CONVERSION = YES;
				CLANG_WARN_NON_LITERAL_NULL_CONVERSION = YES;
				CLANG_WARN_OBJC_IMPLICIT_RETAIN_SELF = YES;
				CLANG_WARN_OBJC_LITERAL_CONVERSION = YES;
				CLANG_WARN_OBJC_ROOT_CLASS = YES_ERROR;
				CLANG_WARN_RANGE_LOOP_ANALYSIS = YES;
				CLANG_WARN_STRICT_PROTOTYPES = YES;
				CLANG_WARN_SUSPICIOUS_MOVE = YES;
				CLANG_WARN_UNGUARDED_AVAILABILITY = YES_AGGRESSIVE;
				CLANG_WARN_UNREACHABLE_CODE = YES;
				CLANG_WARN__DUPLICATE_METHOD_MATCH = YES;
				CODE_SIGN_IDENTITY = "-";
				COPY_PHASE_STRIP = NO;
				DEBUG_INFORMATION_FORMAT = dwarf;
				ENABLE_STRICT_OBJC_MSGSEND = YES;
				ENABLE_TESTABILITY = YES;
				GCC_C_LANGUAGE_STANDARD = gnu11;
				GCC_DYNAMIC_NO_PIC = NO;
				GCC_NO_COMMON_BLOCKS = YES;
				GCC_OPTIMIZATION_LEVEL = 0;
				GCC_PREPROCESSOR_DEFINITIONS = (
					"DEBUG=1",
					"$(inherited)",
				);
				GCC_WARN_64_TO_32_BIT_CONVERSION = YES;
				GCC_WARN_ABOUT_RETURN_TYPE = YES_ERROR;
				GCC_WARN_UNDECLARED_SELECTOR = YES;
				GCC_WARN_UNINITIALIZED_AUTOS = YES_AGGRESSIVE;
				GCC_WARN_UNUSED_FUNCTION = YES;
				GCC_WARN_UNUSED_VARIABLE = YES;
				MACOSX_DEPLOYMENT_TARGET = 10.13;
				MTL_ENABLE_DEBUG_INFO = YES;
				ONLY_ACTIVE_ARCH = YES;
				SDKROOT = macosx;
				SWIFT_ACTIVE_COMPILATION_CONDITIONS = DEBUG;
				SWIFT_OPTIMIZATION_LEVEL = "-Onone";
			};
			name = Debug;
		};
		9F27FF79224D589300710120 /* Release */ = {
			isa = XCBuildConfiguration;
			buildSettings = {
				ALWAYS_SEARCH_USER_PATHS = NO;
				CLANG_ANALYZER_NONNULL = YES;
				CLANG_ANALYZER_NUMBER_OBJECT_CONVERSION = YES_AGGRESSIVE;
				CLANG_CXX_LANGUAGE_STANDARD = "gnu++14";
				CLANG_CXX_LIBRARY = "libc++";
				CLANG_ENABLE_MODULES = YES;
				CLANG_ENABLE_OBJC_ARC = YES;
				CLANG_ENABLE_OBJC_WEAK = YES;
				CLANG_WARN_BLOCK_CAPTURE_AUTORELEASING = YES;
				CLANG_WARN_BOOL_CONVERSION = YES;
				CLANG_WARN_COMMA = YES;
				CLANG_WARN_CONSTANT_CONVERSION = YES;
				CLANG_WARN_DEPRECATED_OBJC_IMPLEMENTATIONS = YES;
				CLANG_WARN_DIRECT_OBJC_ISA_USAGE = YES_ERROR;
				CLANG_WARN_DOCUMENTATION_COMMENTS = YES;
				CLANG_WARN_EMPTY_BODY = YES;
				CLANG_WARN_ENUM_CONVERSION = YES;
				CLANG_WARN_INFINITE_RECURSION = YES;
				CLANG_WARN_INT_CONVERSION = YES;
				CLANG_WARN_NON_LITERAL_NULL_CONVERSION = YES;
				CLANG_WARN_OBJC_IMPLICIT_RETAIN_SELF = YES;
				CLANG_WARN_OBJC_LITERAL_CONVERSION = YES;
				CLANG_WARN_OBJC_ROOT_CLASS = YES_ERROR;
				CLANG_WARN_RANGE_LOOP_ANALYSIS = YES;
				CLANG_WARN_STRICT_PROTOTYPES = YES;
				CLANG_WARN_SUSPICIOUS_MOVE = YES;
				CLANG_WARN_UNGUARDED_AVAILABILITY = YES_AGGRESSIVE;
				CLANG_WARN_UNREACHABLE_CODE = YES;
				CLANG_WARN__DUPLICATE_METHOD_MATCH = YES;
				CODE_SIGN_IDENTITY = "-";
				COPY_PHASE_STRIP = NO;
				DEBUG_INFORMATION_FORMAT = "dwarf-with-dsym";
				ENABLE_NS_ASSERTIONS = NO;
				ENABLE_STRICT_OBJC_MSGSEND = YES;
				GCC_C_LANGUAGE_STANDARD = gnu11;
				GCC_NO_COMMON_BLOCKS = YES;
				GCC_WARN_64_TO_32_BIT_CONVERSION = YES;
				GCC_WARN_ABOUT_RETURN_TYPE = YES_ERROR;
				GCC_WARN_UNDECLARED_SELECTOR = YES;
				GCC_WARN_UNINITIALIZED_AUTOS = YES_AGGRESSIVE;
				GCC_WARN_UNUSED_FUNCTION = YES;
				GCC_WARN_UNUSED_VARIABLE = YES;
				MACOSX_DEPLOYMENT_TARGET = 10.13;
				MTL_ENABLE_DEBUG_INFO = NO;
				SDKROOT = macosx;
				SWIFT_COMPILATION_MODE = wholemodule;
				SWIFT_OPTIMIZATION_LEVEL = "-O";
			};
			name = Release;
		};
		9F27FF7B224D589300710120 /* Debug */ = {
			isa = XCBuildConfiguration;
			buildSettings = {
				ASSETCATALOG_COMPILER_APPICON_NAME = AppIcon;
				CODE_SIGN_ENTITLEMENTS = "Protect Kyle/Protect_Kyle.entitlements";
				CODE_SIGN_STYLE = Automatic;
				COMBINE_HIDPI_IMAGES = YES;
				INFOPLIST_FILE = "Protect Kyle/Info.plist";
				LD_RUNPATH_SEARCH_PATHS = (
					"$(inherited)",
					"@executable_path/../Frameworks",
				);
				PRODUCT_BUNDLE_IDENTIFIER = "Game-Design.Protect-Kyle";
				PRODUCT_NAME = "$(TARGET_NAME)";
				SWIFT_VERSION = 4.0;
			};
			name = Debug;
		};
		9F27FF7C224D589300710120 /* Release */ = {
			isa = XCBuildConfiguration;
			buildSettings = {
				ASSETCATALOG_COMPILER_APPICON_NAME = AppIcon;
				CODE_SIGN_ENTITLEMENTS = "Protect Kyle/Protect_Kyle.entitlements";
				CODE_SIGN_STYLE = Automatic;
				COMBINE_HIDPI_IMAGES = YES;
				INFOPLIST_FILE = "Protect Kyle/Info.plist";
				LD_RUNPATH_SEARCH_PATHS = (
					"$(inherited)",
					"@executable_path/../Frameworks",
				);
				PRODUCT_BUNDLE_IDENTIFIER = "Game-Design.Protect-Kyle";
				PRODUCT_NAME = "$(TARGET_NAME)";
				SWIFT_VERSION = 4.0;
			};
			name = Release;
		};
		9F27FF7E224D589300710120 /* Debug */ = {
			isa = XCBuildConfiguration;
			buildSettings = {
				ALWAYS_EMBED_SWIFT_STANDARD_LIBRARIES = YES;
				BUNDLE_LOADER = "$(TEST_HOST)";
				CODE_SIGN_STYLE = Automatic;
				COMBINE_HIDPI_IMAGES = YES;
				INFOPLIST_FILE = "Protect KyleTests/Info.plist";
				LD_RUNPATH_SEARCH_PATHS = (
					"$(inherited)",
					"@executable_path/../Frameworks",
					"@loader_path/../Frameworks",
				);
				PRODUCT_BUNDLE_IDENTIFIER = "Game-Design.Protect-KyleTests";
				PRODUCT_NAME = "$(TARGET_NAME)";
				SWIFT_VERSION = 4.0;
				TEST_HOST = "$(BUILT_PRODUCTS_DIR)/Protect Kyle.app/Contents/MacOS/Protect Kyle";
			};
			name = Debug;
		};
		9F27FF7F224D589300710120 /* Release */ = {
			isa = XCBuildConfiguration;
			buildSettings = {
				ALWAYS_EMBED_SWIFT_STANDARD_LIBRARIES = YES;
				BUNDLE_LOADER = "$(TEST_HOST)";
				CODE_SIGN_STYLE = Automatic;
				COMBINE_HIDPI_IMAGES = YES;
				INFOPLIST_FILE = "Protect KyleTests/Info.plist";
				LD_RUNPATH_SEARCH_PATHS = (
					"$(inherited)",
					"@executable_path/../Frameworks",
					"@loader_path/../Frameworks",
				);
				PRODUCT_BUNDLE_IDENTIFIER = "Game-Design.Protect-KyleTests";
				PRODUCT_NAME = "$(TARGET_NAME)";
				SWIFT_VERSION = 4.0;
				TEST_HOST = "$(BUILT_PRODUCTS_DIR)/Protect Kyle.app/Contents/MacOS/Protect Kyle";
			};
			name = Release;
		};
		9F27FF81224D589300710120 /* Debug */ = {
			isa = XCBuildConfiguration;
			buildSettings = {
				ALWAYS_EMBED_SWIFT_STANDARD_LIBRARIES = YES;
				CODE_SIGN_STYLE = Automatic;
				COMBINE_HIDPI_IMAGES = YES;
				INFOPLIST_FILE = "Protect KyleUITests/Info.plist";
				LD_RUNPATH_SEARCH_PATHS = (
					"$(inherited)",
					"@executable_path/../Frameworks",
					"@loader_path/../Frameworks",
				);
				PRODUCT_BUNDLE_IDENTIFIER = "Game-Design.Protect-KyleUITests";
				PRODUCT_NAME = "$(TARGET_NAME)";
				SWIFT_VERSION = 4.0;
				TEST_TARGET_NAME = "Protect Kyle";
			};
			name = Debug;
		};
		9F27FF82224D589300710120 /* Release */ = {
			isa = XCBuildConfiguration;
			buildSettings = {
				ALWAYS_EMBED_SWIFT_STANDARD_LIBRARIES = YES;
				CODE_SIGN_STYLE = Automatic;
				COMBINE_HIDPI_IMAGES = YES;
				INFOPLIST_FILE = "Protect KyleUITests/Info.plist";
				LD_RUNPATH_SEARCH_PATHS = (
					"$(inherited)",
					"@executable_path/../Frameworks",
					"@loader_path/../Frameworks",
				);
				PRODUCT_BUNDLE_IDENTIFIER = "Game-Design.Protect-KyleUITests";
				PRODUCT_NAME = "$(TARGET_NAME)";
				SWIFT_VERSION = 4.0;
				TEST_TARGET_NAME = "Protect Kyle";
			};
			name = Release;
		};
/* End XCBuildConfiguration section */

/* Begin XCConfigurationList section */
		9F27FF49224D589200710120 /* Build configuration list for PBXProject "Protect Kyle" */ = {
			isa = XCConfigurationList;
			buildConfigurations = (
				9F27FF78224D589300710120 /* Debug */,
				9F27FF79224D589300710120 /* Release */,
			);
			defaultConfigurationIsVisible = 0;
			defaultConfigurationName = Release;
		};
		9F27FF7A224D589300710120 /* Build configuration list for PBXNativeTarget "Protect Kyle" */ = {
			isa = XCConfigurationList;
			buildConfigurations = (
				9F27FF7B224D589300710120 /* Debug */,
				9F27FF7C224D589300710120 /* Release */,
			);
			defaultConfigurationIsVisible = 0;
			defaultConfigurationName = Release;
		};
		9F27FF7D224D589300710120 /* Build configuration list for PBXNativeTarget "Protect KyleTests" */ = {
			isa = XCConfigurationList;
			buildConfigurations = (
				9F27FF7E224D589300710120 /* Debug */,
				9F27FF7F224D589300710120 /* Release */,
			);
			defaultConfigurationIsVisible = 0;
			defaultConfigurationName = Release;
		};
		9F27FF80224D589300710120 /* Build configuration list for PBXNativeTarget "Protect KyleUITests" */ = {
			isa = XCConfigurationList;
			buildConfigurations = (
				9F27FF81224D589300710120 /* Debug */,
				9F27FF82224D589300710120 /* Release */,
			);
			defaultConfigurationIsVisible = 0;
			defaultConfigurationName = Release;
		};
/* End XCConfigurationList section */
	};
	rootObject = 9F27FF46224D589200710120 /* Project object */;
}
